
Microsoft Visual Studio Solution File, Format Version 12.00
Project("{FAE04EC0-301F-11D3-BF4B-00C04F79EFBC}") = "PDF.Converter", "PDF.Converter\PDF.Converter.csproj", "{4F1EA710-16A2-45C6-81C0-E76E5DAD6F7F}"
EndProject
Project("{FAE04EC0-301F-11D3-BF4B-00C04F79EFBC}") = "PDF.Security", "PDF.Security\PDF.Security.csproj", "{158EA1B4-C15A-4DB9-87C3-19B4C51580C8}"
EndProject
Global
	GlobalSection(SolutionConfigurationPlatforms) = preSolution
		Debug|Any CPU = Debug|Any CPU
		Release|Any CPU = Release|Any CPU
	EndGlobalSection
	GlobalSection(ProjectConfigurationPlatforms) = postSolution
		{4F1EA710-16A2-45C6-81C0-E76E5DAD6F7F}.Debug|Any CPU.ActiveCfg = Debug|Any CPU
		{4F1EA710-16A2-45C6-81C0-E76E5DAD6F7F}.Debug|Any CPU.Build.0 = Debug|Any CPU
		{4F1EA710-16A2-45C6-81C0-E76E5DAD6F7F}.Release|Any CPU.ActiveCfg = Release|Any CPU
		{4F1EA710-16A2-45C6-81C0-E76E5DAD6F7F}.Release|Any CPU.Build.0 = Release|Any CPU
		{158EA1B4-C15A-4DB9-87C3-19B4C51580C8}.Debug|Any CPU.ActiveCfg = Debug|Any CPU
		{158EA1B4-C15A-4DB9-87C3-19B4C51580C8}.Debug|Any CPU.Build.0 = Debug|Any CPU
		{158EA1B4-C15A-4DB9-87C3-19B4C51580C8}.Release|Any CPU.ActiveCfg = Release|Any CPU
		{158EA1B4-C15A-4DB9-87C3-19B4C51580C8}.Release|Any CPU.Build.0 = Release|Any CPU
	EndGlobalSection
EndGlobal
